PODS:
  - camera_album (0.0.1):
    - Flutter
    - MBProgressHUD (~> 1.2.0)
  - Flutter (1.0.0)
  - MBProgressHUD (1.2.0)
  - video_player (0.0.1):
    - Flutter
  - video_player_web (0.0.1):
    - Flutter

DEPENDENCIES:
  - camera_album (from `.symlinks/plugins/camera_album/ios`)
  - Flutter (from `Flutter`)
  - video_player (from `.symlinks/plugins/video_player/ios`)
  - video_player_web (from `.symlinks/plugins/video_player_web/ios`)

SPEC REPOS:
  trunk:
    - MBProgressHUD

EXTERNAL SOURCES:
  camera_album:
    :path: ".symlinks/plugins/camera_album/ios"
  Flutter:
    :path: Flutter
  video_player:
    :path: ".symlinks/plugins/video_player/ios"
  video_player_web:
    :path: ".symlinks/plugins/video_player_web/ios"

SPEC CHECKSUMS:
  camera_album: 030f37a5d18eaae07cda388675440fdfe680a11c
  Flutter: 0e3d915762c693b495b44d77113d4970485de6ec
  MBProgressHUD: 3ee5efcc380f6a79a7cc9b363dd669c5e1ae7406
  video_player: 9cc823b1d9da7e8427ee591e8438bfbcde500e6e
  video_player_web: da8cadb8274ed4f8dbee8d7171b420dedd437ce7

PODFILE CHECKSUM: c34e2287a9ccaa606aeceab922830efb9a6ff69a

COCOAPODS: 1.10.0
