// !$*UTF8*$!
{
	archiveVersion = 1;
	classes = {
	};
	objectVersion = 51;
	objects = {

/* Begin PBXBuildFile section */
		1498D2341E8E89220040F4C2 /* GeneratedPluginRegistrant.m in Sources */ = {isa = PBXBuildFile; fileRef = 1498D2331E8E89220040F4C2 /* GeneratedPluginRegistrant.m */; };
		3B3967161E833CAA004F5970 /* AppFrameworkInfo.plist in Resources */ = {isa = PBXBuildFile; fileRef = 3B3967151E833CAA004F5970 /* AppFrameworkInfo.plist */; };
		6B46D1CC73AA884FC094FA51 /* Pods_Runner.framework in Frameworks */ = {isa = PBXBuildFile; fileRef = 525170A508F443F1B48FADA4 /* Pods_Runner.framework */; };
		74858FAF1ED2DC5600515810 /* AppDelegate.swift in Sources */ = {isa = PBXBuildFile; fileRef = 74858FAE1ED2DC5600515810 /* AppDelegate.swift */; };
		97C146FC1CF9000F007C117D /* Main.storyboard in Resources */ = {isa = PBXBuildFile; fileRef = 97C146FA1CF9000F007C117D /* Main.storyboard */; };
		97C146FE1CF9000F007C117D /* Assets.xcassets in Resources */ = {isa = PBXBuildFile; fileRef = 97C146FD1CF9000F007C117D /* Assets.xcassets */; };
		97C147011CF9000F007C117D /* LaunchScreen.storyboard in Resources */ = {isa = PBXBuildFile; fileRef = 97C146FF1CF9000F007C117D /* LaunchScreen.storyboard */; };
		FE3553D12591C33200C91951 /* MainModule.swift in Sources */ = {isa = PBXBuildFile; fileRef = FE3553D02591C33200C91951 /* MainModule.swift */; };
		FE3555992591E15800C91951 /* ZLImagePreviewController.swift in Sources */ = {isa = PBXBuildFile; fileRef = FE3555612591E15800C91951 /* ZLImagePreviewController.swift */; };
		FE35559A2591E15800C91951 /* ZLPhotoManager.swift in Sources */ = {isa = PBXBuildFile; fileRef = FE3555622591E15800C91951 /* ZLPhotoManager.swift */; };
		FE35559B2591E15800C91951 /* ZLPhotoModel.swift in Sources */ = {isa = PBXBuildFile; fileRef = FE3555632591E15800C91951 /* ZLPhotoModel.swift */; };
		FE35559C2591E15800C91951 /* ZLPhotoPreviewCell.swift in Sources */ = {isa = PBXBuildFile; fileRef = FE3555642591E15800C91951 /* ZLPhotoPreviewCell.swift */; };
		FE35559D2591E15800C91951 /* ZLProgressHUD.swift in Sources */ = {isa = PBXBuildFile; fileRef = FE3555652591E15800C91951 /* ZLProgressHUD.swift */; };
		FE35559E2591E15800C91951 /* ZLFetchImageOperation.swift in Sources */ = {isa = PBXBuildFile; fileRef = FE3555662591E15800C91951 /* ZLFetchImageOperation.swift */; };
		FE35559F2591E15800C91951 /* ZLAlbumListController.swift in Sources */ = {isa = PBXBuildFile; fileRef = FE3555672591E15800C91951 /* ZLAlbumListController.swift */; };
		FE3555A02591E15800C91951 /* ZLEmbedAlbumListView.swift in Sources */ = {isa = PBXBuildFile; fileRef = FE3555682591E15800C91951 /* ZLEmbedAlbumListView.swift */; };
		FE3555A12591E15800C91951 /* ZLLanguageDefine.swift in Sources */ = {isa = PBXBuildFile; fileRef = FE3555692591E15800C91951 /* ZLLanguageDefine.swift */; };
		FE3555A22591E15800C91951 /* ZLPhotoPreviewSheet.swift in Sources */ = {isa = PBXBuildFile; fileRef = FE35556A2591E15800C91951 /* ZLPhotoPreviewSheet.swift */; };
		FE3555A32591E15800C91951 /* ZLAlbumListCell.swift in Sources */ = {isa = PBXBuildFile; fileRef = FE35556B2591E15800C91951 /* ZLAlbumListCell.swift */; };
		FE3555A42591E15800C91951 /* ZLPhotoPreviewController.swift in Sources */ = {isa = PBXBuildFile; fileRef = FE35556C2591E15800C91951 /* ZLPhotoPreviewController.swift */; };
		FE3555A52591E15800C91951 /* ZLImageNavController.swift in Sources */ = {isa = PBXBuildFile; fileRef = FE35556D2591E15800C91951 /* ZLImageNavController.swift */; };
		FE3555A62591E15800C91951 /* ZLThumbnailViewController.swift in Sources */ = {isa = PBXBuildFile; fileRef = FE35556E2591E15800C91951 /* ZLThumbnailViewController.swift */; };
		FE3555A72591E15800C91951 /* ZLVideoManager.swift in Sources */ = {isa = PBXBuildFile; fileRef = FE35556F2591E15800C91951 /* ZLVideoManager.swift */; };
		FE3555A82591E15800C91951 /* ZLAddPhotoCell.swift in Sources */ = {isa = PBXBuildFile; fileRef = FE3555702591E15800C91951 /* ZLAddPhotoCell.swift */; };
		FE3555A92591E15800C91951 /* ZLGeneralDefine.swift in Sources */ = {isa = PBXBuildFile; fileRef = FE3555712591E15800C91951 /* ZLGeneralDefine.swift */; };
		FE3555AA2591E15800C91951 /* ZLThumbnailPhotoCell.swift in Sources */ = {isa = PBXBuildFile; fileRef = FE3555722591E15800C91951 /* ZLThumbnailPhotoCell.swift */; };
		FE3555AB2591E15800C91951 /* ZLProgressView.swift in Sources */ = {isa = PBXBuildFile; fileRef = FE3555732591E15800C91951 /* ZLProgressView.swift */; };
		FE3555AC2591E15800C91951 /* ZLPhotoConfiguration.swift in Sources */ = {isa = PBXBuildFile; fileRef = FE3555742591E15800C91951 /* ZLPhotoConfiguration.swift */; };
		FE3555AD2591E15800C91951 /* ZLPhotoBrowser.swift in Sources */ = {isa = PBXBuildFile; fileRef = FE3555752591E15800C91951 /* ZLPhotoBrowser.swift */; };
		FE3555AE2591E15800C91951 /* ZLAlbumListModel.swift in Sources */ = {isa = PBXBuildFile; fileRef = FE3555762591E15800C91951 /* ZLAlbumListModel.swift */; };
		FE3555AF2591E15800C91951 /* ZLCameraCell.swift in Sources */ = {isa = PBXBuildFile; fileRef = FE3555772591E15800C91951 /* ZLCameraCell.swift */; };
		FE3555B02591E15800C91951 /* ZLCustomCamera.swift in Sources */ = {isa = PBXBuildFile; fileRef = FE3555802591E15800C91951 /* ZLCustomCamera.swift */; };
		FE3555B12591E15800C91951 /* ZLPhotoPreviewAnimatedTransition.swift in Sources */ = {isa = PBXBuildFile; fileRef = FE3555822591E15800C91951 /* ZLPhotoPreviewAnimatedTransition.swift */; };
		FE3555B22591E15800C91951 /* ZLClipImageDismissAnimatedTransition.swift in Sources */ = {isa = PBXBuildFile; fileRef = FE3555832591E15800C91951 /* ZLClipImageDismissAnimatedTransition.swift */; };
		FE3555B32591E15800C91951 /* ZLPhotoPreviewPopInteractiveTransition.swift in Sources */ = {isa = PBXBuildFile; fileRef = FE3555842591E15800C91951 /* ZLPhotoPreviewPopInteractiveTransition.swift */; };
		FE3555B42591E15800C91951 /* UIControl+ZLPhotoBrowser.swift in Sources */ = {isa = PBXBuildFile; fileRef = FE3555862591E15800C91951 /* UIControl+ZLPhotoBrowser.swift */; };
		FE3555B52591E15800C91951 /* Bundle+ZLPhotoBrowser.swift in Sources */ = {isa = PBXBuildFile; fileRef = FE3555872591E15800C91951 /* Bundle+ZLPhotoBrowser.swift */; };
		FE3555B62591E15800C91951 /* UIImage+ZLPhotoBrowser.swift in Sources */ = {isa = PBXBuildFile; fileRef = FE3555882591E15800C91951 /* UIImage+ZLPhotoBrowser.swift */; };
		FE3555B72591E15800C91951 /* Int+ZLPhotoBrowser.swift in Sources */ = {isa = PBXBuildFile; fileRef = FE3555892591E15800C91951 /* Int+ZLPhotoBrowser.swift */; };
		FE3555B82591E15800C91951 /* String+ZLPhotoBrowser.swift in Sources */ = {isa = PBXBuildFile; fileRef = FE35558A2591E15800C91951 /* String+ZLPhotoBrowser.swift */; };
		FE3555B92591E15800C91951 /* Cell+ZLPhotoBrowser.swift in Sources */ = {isa = PBXBuildFile; fileRef = FE35558B2591E15800C91951 /* Cell+ZLPhotoBrowser.swift */; };
		FE3555BA2591E15800C91951 /* Array+ZLPhotoBrowser.swift in Sources */ = {isa = PBXBuildFile; fileRef = FE35558C2591E15800C91951 /* Array+ZLPhotoBrowser.swift */; };
		FE3555BB2591E15800C91951 /* CGFloat+ZLPhotoBrowser.swift in Sources */ = {isa = PBXBuildFile; fileRef = FE35558D2591E15800C91951 /* CGFloat+ZLPhotoBrowser.swift */; };
		FE3555BC2591E15800C91951 /* UIColor+ZLPhotoBrowser.swift in Sources */ = {isa = PBXBuildFile; fileRef = FE35558E2591E15800C91951 /* UIColor+ZLPhotoBrowser.swift */; };
		FE3555BD2591E15800C91951 /* ZLInputTextViewController.swift in Sources */ = {isa = PBXBuildFile; fileRef = FE3555902591E15800C91951 /* ZLInputTextViewController.swift */; };
		FE3555BE2591E15800C91951 /* ZLClipImageViewController.swift in Sources */ = {isa = PBXBuildFile; fileRef = FE3555912591E15800C91951 /* ZLClipImageViewController.swift */; };
		FE3555BF2591E15800C91951 /* ZLImageStickerView.swift in Sources */ = {isa = PBXBuildFile; fileRef = FE3555922591E15800C91951 /* ZLImageStickerView.swift */; };
		FE3555C02591E15800C91951 /* ZLEditImageViewController.swift in Sources */ = {isa = PBXBuildFile; fileRef = FE3555932591E15800C91951 /* ZLEditImageViewController.swift */; };
		FE3555C12591E15800C91951 /* ZLFilter.swift in Sources */ = {isa = PBXBuildFile; fileRef = FE3555942591E15800C91951 /* ZLFilter.swift */; };
		FE3555C22591E15800C91951 /* ZLTextStickerView.swift in Sources */ = {isa = PBXBuildFile; fileRef = FE3555952591E15800C91951 /* ZLTextStickerView.swift */; };
		FE3555C32591E15800C91951 /* ZLEditVideoViewController.swift in Sources */ = {isa = PBXBuildFile; fileRef = FE3555962591E15800C91951 /* ZLEditVideoViewController.swift */; };
		FE3555C42591E15800C91951 /* ZLPhotoBrowser.bundle in Resources */ = {isa = PBXBuildFile; fileRef = FE3555982591E15800C91951 /* ZLPhotoBrowser.bundle */; };
		FE84017E2592F0ED0036F1F1 /* ImageFormat.swift in Sources */ = {isa = PBXBuildFile; fileRef = FE84017D2592F0ED0036F1F1 /* ImageFormat.swift */; };
/* End PBXBuildFile section */

/* Begin PBXCopyFilesBuildPhase section */
		9705A1C41CF9048500538489 /* Embed Frameworks */ = {
			isa = PBXCopyFilesBuildPhase;
			buildActionMask = 2147483647;
			dstPath = "";
			dstSubfolderSpec = 10;
			files = (
			);
			name = "Embed Frameworks";
			runOnlyForDeploymentPostprocessing = 0;
		};
/* End PBXCopyFilesBuildPhase section */

/* Begin PBXFileReference section */
		1498D2321E8E86230040F4C2 /* GeneratedPluginRegistrant.h */ = {isa = PBXFileReference; lastKnownFileType = sourcecode.c.h; path = GeneratedPluginRegistrant.h; sourceTree = "<group>"; };
		1498D2331E8E89220040F4C2 /* GeneratedPluginRegistrant.m */ = {isa = PBXFileReference; fileEncoding = 4; lastKnownFileType = sourcecode.c.objc; path = GeneratedPluginRegistrant.m; sourceTree = "<group>"; };
		3B3967151E833CAA004F5970 /* AppFrameworkInfo.plist */ = {isa = PBXFileReference; fileEncoding = 4; lastKnownFileType = text.plist.xml; name = AppFrameworkInfo.plist; path = Flutter/AppFrameworkInfo.plist; sourceTree = "<group>"; };
		4260021CD0FEF0D7B9405BF1 /* Pods-Runner.profile.xcconfig */ = {isa = PBXFileReference; includeInIndex = 1; lastKnownFileType = text.xcconfig; name = "Pods-Runner.profile.xcconfig"; path = "Target Support Files/Pods-Runner/Pods-Runner.profile.xcconfig"; sourceTree = "<group>"; };
		4342225E502A863B7AA7B761 /* Pods-Runner.debug.xcconfig */ = {isa = PBXFileReference; includeInIndex = 1; lastKnownFileType = text.xcconfig; name = "Pods-Runner.debug.xcconfig"; path = "Target Support Files/Pods-Runner/Pods-Runner.debug.xcconfig"; sourceTree = "<group>"; };
		525170A508F443F1B48FADA4 /* Pods_Runner.framework */ = {isa = PBXFileReference; explicitFileType = wrapper.framework; includeInIndex = 0; path = Pods_Runner.framework; sourceTree = BUILT_PRODUCTS_DIR; };
		74858FAD1ED2DC5600515810 /* Runner-Bridging-Header.h */ = {isa = PBXFileReference; lastKnownFileType = sourcecode.c.h; path = "Runner-Bridging-Header.h"; sourceTree = "<group>"; };
		74858FAE1ED2DC5600515810 /* AppDelegate.swift */ = {isa = PBXFileReference; fileEncoding = 4; lastKnownFileType = sourcecode.swift; path = AppDelegate.swift; sourceTree = "<group>"; };
		7AFA3C8E1D35360C0083082E /* Release.xcconfig */ = {isa = PBXFileReference; lastKnownFileType = text.xcconfig; name = Release.xcconfig; path = Flutter/Release.xcconfig; sourceTree = "<group>"; };
		9740EEB21CF90195004384FC /* Debug.xcconfig */ = {isa = PBXFileReference; fileEncoding = 4; lastKnownFileType = text.xcconfig; name = Debug.xcconfig; path = Flutter/Debug.xcconfig; sourceTree = "<group>"; };
		9740EEB31CF90195004384FC /* Generated.xcconfig */ = {isa = PBXFileReference; fileEncoding = 4; lastKnownFileType = text.xcconfig; name = Generated.xcconfig; path = Flutter/Generated.xcconfig; sourceTree = "<group>"; };
		97C146EE1CF9000F007C117D /* Runner.app */ = {isa = PBXFileReference; explicitFileType = wrapper.application; includeInIndex = 0; path = Runner.app; sourceTree = BUILT_PRODUCTS_DIR; };
		97C146FB1CF9000F007C117D /* Base */ = {isa = PBXFileReference; lastKnownFileType = file.storyboard; name = Base; path = Base.lproj/Main.storyboard; sourceTree = "<group>"; };
		97C146FD1CF9000F007C117D /* Assets.xcassets */ = {isa = PBXFileReference; lastKnownFileType = folder.assetcatalog; path = Assets.xcassets; sourceTree = "<group>"; };
		97C147001CF9000F007C117D /* Base */ = {isa = PBXFileReference; lastKnownFileType = file.storyboard; name = Base; path = Base.lproj/LaunchScreen.storyboard; sourceTree = "<group>"; };
		97C147021CF9000F007C117D /* Info.plist */ = {isa = PBXFileReference; lastKnownFileType = text.plist.xml; path = Info.plist; sourceTree = "<group>"; };
		AC2346B4D855A631E3240D4A /* Pods-Runner.release.xcconfig */ = {isa = PBXFileReference; includeInIndex = 1; lastKnownFileType = text.xcconfig; name = "Pods-Runner.release.xcconfig"; path = "Target Support Files/Pods-Runner/Pods-Runner.release.xcconfig"; sourceTree = "<group>"; };
		FE3553D02591C33200C91951 /* MainModule.swift */ = {isa = PBXFileReference; fileEncoding = 4; lastKnownFileType = sourcecode.swift; path = MainModule.swift; sourceTree = "<group>"; };
		FE35555F2591E15800C91951 /* ZLPhotoBrowser.h */ = {isa = PBXFileReference; fileEncoding = 4; lastKnownFileType = sourcecode.c.h; path = ZLPhotoBrowser.h; sourceTree = "<group>"; };
		FE3555612591E15800C91951 /* ZLImagePreviewController.swift */ = {isa = PBXFileReference; fileEncoding = 4; lastKnownFileType = sourcecode.swift; path = ZLImagePreviewController.swift; sourceTree = "<group>"; };
		FE3555622591E15800C91951 /* ZLPhotoManager.swift */ = {isa = PBXFileReference; fileEncoding = 4; lastKnownFileType = sourcecode.swift; path = ZLPhotoManager.swift; sourceTree = "<group>"; };
		FE3555632591E15800C91951 /* ZLPhotoModel.swift */ = {isa = PBXFileReference; fileEncoding = 4; lastKnownFileType = sourcecode.swift; path = ZLPhotoModel.swift; sourceTree = "<group>"; };
		FE3555642591E15800C91951 /* ZLPhotoPreviewCell.swift */ = {isa = PBXFileReference; fileEncoding = 4; lastKnownFileType = sourcecode.swift; path = ZLPhotoPreviewCell.swift; sourceTree = "<group>"; };
		FE3555652591E15800C91951 /* ZLProgressHUD.swift */ = {isa = PBXFileReference; fileEncoding = 4; lastKnownFileType = sourcecode.swift; path = ZLProgressHUD.swift; sourceTree = "<group>"; };
		FE3555662591E15800C91951 /* ZLFetchImageOperation.swift */ = {isa = PBXFileReference; fileEncoding = 4; lastKnownFileType = sourcecode.swift; path = ZLFetchImageOperation.swift; sourceTree = "<group>"; };
		FE3555672591E15800C91951 /* ZLAlbumListController.swift */ = {isa = PBXFileReference; fileEncoding = 4; lastKnownFileType = sourcecode.swift; path = ZLAlbumListController.swift; sourceTree = "<group>"; };
		FE3555682591E15800C91951 /* ZLEmbedAlbumListView.swift */ = {isa = PBXFileReference; fileEncoding = 4; lastKnownFileType = sourcecode.swift; path = ZLEmbedAlbumListView.swift; sourceTree = "<group>"; };
		FE3555692591E15800C91951 /* ZLLanguageDefine.swift */ = {isa = PBXFileReference; fileEncoding = 4; lastKnownFileType = sourcecode.swift; path = ZLLanguageDefine.swift; sourceTree = "<group>"; };
		FE35556A2591E15800C91951 /* ZLPhotoPreviewSheet.swift */ = {isa = PBXFileReference; fileEncoding = 4; lastKnownFileType = sourcecode.swift; path = ZLPhotoPreviewSheet.swift; sourceTree = "<group>"; };
		FE35556B2591E15800C91951 /* ZLAlbumListCell.swift */ = {isa = PBXFileReference; fileEncoding = 4; lastKnownFileType = sourcecode.swift; path = ZLAlbumListCell.swift; sourceTree = "<group>"; };
		FE35556C2591E15800C91951 /* ZLPhotoPreviewController.swift */ = {isa = PBXFileReference; fileEncoding = 4; lastKnownFileType = sourcecode.swift; path = ZLPhotoPreviewController.swift; sourceTree = "<group>"; };
		FE35556D2591E15800C91951 /* ZLImageNavController.swift */ = {isa = PBXFileReference; fileEncoding = 4; lastKnownFileType = sourcecode.swift; path = ZLImageNavController.swift; sourceTree = "<group>"; };
		FE35556E2591E15800C91951 /* ZLThumbnailViewController.swift */ = {isa = PBXFileReference; fileEncoding = 4; lastKnownFileType = sourcecode.swift; path = ZLThumbnailViewController.swift; sourceTree = "<group>"; };
		FE35556F2591E15800C91951 /* ZLVideoManager.swift */ = {isa = PBXFileReference; fileEncoding = 4; lastKnownFileType = sourcecode.swift; path = ZLVideoManager.swift; sourceTree = "<group>"; };
		FE3555702591E15800C91951 /* ZLAddPhotoCell.swift */ = {isa = PBXFileReference; fileEncoding = 4; lastKnownFileType = sourcecode.swift; path = ZLAddPhotoCell.swift; sourceTree = "<group>"; };
		FE3555712591E15800C91951 /* ZLGeneralDefine.swift */ = {isa = PBXFileReference; fileEncoding = 4; lastKnownFileType = sourcecode.swift; path = ZLGeneralDefine.swift; sourceTree = "<group>"; };
		FE3555722591E15800C91951 /* ZLThumbnailPhotoCell.swift */ = {isa = PBXFileReference; fileEncoding = 4; lastKnownFileType = sourcecode.swift; path = ZLThumbnailPhotoCell.swift; sourceTree = "<group>"; };
		FE3555732591E15800C91951 /* ZLProgressView.swift */ = {isa = PBXFileReference; fileEncoding = 4; lastKnownFileType = sourcecode.swift; path = ZLProgressView.swift; sourceTree = "<group>"; };
		FE3555742591E15800C91951 /* ZLPhotoConfiguration.swift */ = {isa = PBXFileReference; fileEncoding = 4; lastKnownFileType = sourcecode.swift; path = ZLPhotoConfiguration.swift; sourceTree = "<group>"; };
		FE3555752591E15800C91951 /* ZLPhotoBrowser.swift */ = {isa = PBXFileReference; fileEncoding = 4; lastKnownFileType = sourcecode.swift; path = ZLPhotoBrowser.swift; sourceTree = "<group>"; };
		FE3555762591E15800C91951 /* ZLAlbumListModel.swift */ = {isa = PBXFileReference; fileEncoding = 4; lastKnownFileType = sourcecode.swift; path = ZLAlbumListModel.swift; sourceTree = "<group>"; };
		FE3555772591E15800C91951 /* ZLCameraCell.swift */ = {isa = PBXFileReference; fileEncoding = 4; lastKnownFileType = sourcecode.swift; path = ZLCameraCell.swift; sourceTree = "<group>"; };
		FE3555802591E15800C91951 /* ZLCustomCamera.swift */ = {isa = PBXFileReference; fileEncoding = 4; lastKnownFileType = sourcecode.swift; path = ZLCustomCamera.swift; sourceTree = "<group>"; };
		FE3555822591E15800C91951 /* ZLPhotoPreviewAnimatedTransition.swift */ = {isa = PBXFileReference; fileEncoding = 4; lastKnownFileType = sourcecode.swift; path = ZLPhotoPreviewAnimatedTransition.swift; sourceTree = "<group>"; };
		FE3555832591E15800C91951 /* ZLClipImageDismissAnimatedTransition.swift */ = {isa = PBXFileReference; fileEncoding = 4; lastKnownFileType = sourcecode.swift; path = ZLClipImageDismissAnimatedTransition.swift; sourceTree = "<group>"; };
		FE3555842591E15800C91951 /* ZLPhotoPreviewPopInteractiveTransition.swift */ = {isa = PBXFileReference; fileEncoding = 4; lastKnownFileType = sourcecode.swift; path = ZLPhotoPreviewPopInteractiveTransition.swift; sourceTree = "<group>"; };
		FE3555862591E15800C91951 /* UIControl+ZLPhotoBrowser.swift */ = {isa = PBXFileReference; fileEncoding = 4; lastKnownFileType = sourcecode.swift; path = "UIControl+ZLPhotoBrowser.swift"; sourceTree = "<group>"; };
		FE3555872591E15800C91951 /* Bundle+ZLPhotoBrowser.swift */ = {isa = PBXFileReference; fileEncoding = 4; lastKnownFileType = sourcecode.swift; path = "Bundle+ZLPhotoBrowser.swift"; sourceTree = "<group>"; };
		FE3555882591E15800C91951 /* UIImage+ZLPhotoBrowser.swift */ = {isa = PBXFileReference; fileEncoding = 4; lastKnownFileType = sourcecode.swift; path = "UIImage+ZLPhotoBrowser.swift"; sourceTree = "<group>"; };
		FE3555892591E15800C91951 /* Int+ZLPhotoBrowser.swift */ = {isa = PBXFileReference; fileEncoding = 4; lastKnownFileType = sourcecode.swift; path = "Int+ZLPhotoBrowser.swift"; sourceTree = "<group>"; };
		FE35558A2591E15800C91951 /* String+ZLPhotoBrowser.swift */ = {isa = PBXFileReference; fileEncoding = 4; lastKnownFileType = sourcecode.swift; path = "String+ZLPhotoBrowser.swift"; sourceTree = "<group>"; };
		FE35558B2591E15800C91951 /* Cell+ZLPhotoBrowser.swift */ = {isa = PBXFileReference; fileEncoding = 4; lastKnownFileType = sourcecode.swift; path = "Cell+ZLPhotoBrowser.swift"; sourceTree = "<group>"; };
		FE35558C2591E15800C91951 /* Array+ZLPhotoBrowser.swift */ = {isa = PBXFileReference; fileEncoding = 4; lastKnownFileType = sourcecode.swift; path = "Array+ZLPhotoBrowser.swift"; sourceTree = "<group>"; };
		FE35558D2591E15800C91951 /* CGFloat+ZLPhotoBrowser.swift */ = {isa = PBXFileReference; fileEncoding = 4; lastKnownFileType = sourcecode.swift; path = "CGFloat+ZLPhotoBrowser.swift"; sourceTree = "<group>"; };
		FE35558E2591E15800C91951 /* UIColor+ZLPhotoBrowser.swift */ = {isa = PBXFileReference; fileEncoding = 4; lastKnownFileType = sourcecode.swift; path = "UIColor+ZLPhotoBrowser.swift"; sourceTree = "<group>"; };
		FE3555902591E15800C91951 /* ZLInputTextViewController.swift */ = {isa = PBXFileReference; fileEncoding = 4; lastKnownFileType = sourcecode.swift; path = ZLInputTextViewController.swift; sourceTree = "<group>"; };
		FE3555912591E15800C91951 /* ZLClipImageViewController.swift */ = {isa = PBXFileReference; fileEncoding = 4; lastKnownFileType = sourcecode.swift; path = ZLClipImageViewController.swift; sourceTree = "<group>"; };
		FE3555922591E15800C91951 /* ZLImageStickerView.swift */ = {isa = PBXFileReference; fileEncoding = 4; lastKnownFileType = sourcecode.swift; path = ZLImageStickerView.swift; sourceTree = "<group>"; };
		FE3555932591E15800C91951 /* ZLEditImageViewController.swift */ = {isa = PBXFileReference; fileEncoding = 4; lastKnownFileType = sourcecode.swift; path = ZLEditImageViewController.swift; sourceTree = "<group>"; };
		FE3555942591E15800C91951 /* ZLFilter.swift */ = {isa = PBXFileReference; fileEncoding = 4; lastKnownFileType = sourcecode.swift; path = ZLFilter.swift; sourceTree = "<group>"; };
		FE3555952591E15800C91951 /* ZLTextStickerView.swift */ = {isa = PBXFileReference; fileEncoding = 4; lastKnownFileType = sourcecode.swift; path = ZLTextStickerView.swift; sourceTree = "<group>"; };
		FE3555962591E15800C91951 /* ZLEditVideoViewController.swift */ = {isa = PBXFileReference; fileEncoding = 4; lastKnownFileType = sourcecode.swift; path = ZLEditVideoViewController.swift; sourceTree = "<group>"; };
		FE3555982591E15800C91951 /* ZLPhotoBrowser.bundle */ = {isa = PBXFileReference; lastKnownFileType = "wrapper.plug-in"; path = ZLPhotoBrowser.bundle; sourceTree = "<group>"; };
		FE84017D2592F0ED0036F1F1 /* ImageFormat.swift */ = {isa = PBXFileReference; fileEncoding = 4; lastKnownFileType = sourcecode.swift; path = ImageFormat.swift; sourceTree = "<group>"; };
/* End PBXFileReference section */

/* Begin PBXFrameworksBuildPhase section */
		97C146EB1CF9000F007C117D /* Frameworks */ = {
			isa = PBXFrameworksBuildPhase;
			buildActionMask = 2147483647;
			files = (
				6B46D1CC73AA884FC094FA51 /* Pods_Runner.framework in Frameworks */,
			);
			runOnlyForDeploymentPostprocessing = 0;
		};
/* End PBXFrameworksBuildPhase section */

/* Begin PBXGroup section */
		2FC56AD005509BA27806E906 /* Frameworks */ = {
			isa = PBXGroup;
			children = (
				525170A508F443F1B48FADA4 /* Pods_Runner.framework */,
			);
			name = Frameworks;
			sourceTree = "<group>";
		};
		9740EEB11CF90186004384FC /* Flutter */ = {
			isa = PBXGroup;
			children = (
				3B3967151E833CAA004F5970 /* AppFrameworkInfo.plist */,
				9740EEB21CF90195004384FC /* Debug.xcconfig */,
				7AFA3C8E1D35360C0083082E /* Release.xcconfig */,
				9740EEB31CF90195004384FC /* Generated.xcconfig */,
			);
			name = Flutter;
			sourceTree = "<group>";
		};
		97C146E51CF9000F007C117D = {
			isa = PBXGroup;
			children = (
				9740EEB11CF90186004384FC /* Flutter */,
				97C146F01CF9000F007C117D /* Runner */,
				97C146EF1CF9000F007C117D /* Products */,
				CCE02B837BC26DD74107BC18 /* Pods */,
				2FC56AD005509BA27806E906 /* Frameworks */,
			);
			sourceTree = "<group>";
		};
		97C146EF1CF9000F007C117D /* Products */ = {
			isa = PBXGroup;
			children = (
				97C146EE1CF9000F007C117D /* Runner.app */,
			);
			name = Products;
			sourceTree = "<group>";
		};
		97C146F01CF9000F007C117D /* Runner */ = {
			isa = PBXGroup;
			children = (
				97C146FA1CF9000F007C117D /* Main.storyboard */,
				97C146FD1CF9000F007C117D /* Assets.xcassets */,
				97C146FF1CF9000F007C117D /* LaunchScreen.storyboard */,
				97C147021CF9000F007C117D /* Info.plist */,
				97C146F11CF9000F007C117D /* Supporting Files */,
				1498D2321E8E86230040F4C2 /* GeneratedPluginRegistrant.h */,
				1498D2331E8E89220040F4C2 /* GeneratedPluginRegistrant.m */,
				74858FAE1ED2DC5600515810 /* AppDelegate.swift */,
				FE3553D02591C33200C91951 /* MainModule.swift */,
				FE35555C2591E15800C91951 /* PhotoLibrary */,
				74858FAD1ED2DC5600515810 /* Runner-Bridging-Header.h */,
			);
			path = Runner;
			sourceTree = "<group>";
		};
		97C146F11CF9000F007C117D /* Supporting Files */ = {
			isa = PBXGroup;
			children = (
			);
			name = "Supporting Files";
			sourceTree = "<group>";
		};
		CCE02B837BC26DD74107BC18 /* Pods */ = {
			isa = PBXGroup;
			children = (
				4342225E502A863B7AA7B761 /* Pods-Runner.debug.xcconfig */,
				AC2346B4D855A631E3240D4A /* Pods-Runner.release.xcconfig */,
				4260021CD0FEF0D7B9405BF1 /* Pods-Runner.profile.xcconfig */,
			);
			path = Pods;
			sourceTree = "<group>";
		};
		FE35555C2591E15800C91951 /* PhotoLibrary */ = {
			isa = PBXGroup;
			children = (
				FE35555D2591E15800C91951 /* Classes */,
				FE3555972591E15800C91951 /* Resources */,
			);
			path = PhotoLibrary;
			sourceTree = "<group>";
		};
		FE35555D2591E15800C91951 /* Classes */ = {
			isa = PBXGroup;
			children = (
				FE84017D2592F0ED0036F1F1 /* ImageFormat.swift */,
				FE35555E2591E15800C91951 /* ZLPhotoBrowser */,
			);
			path = Classes;
			sourceTree = "<group>";
		};
		FE35555E2591E15800C91951 /* ZLPhotoBrowser */ = {
			isa = PBXGroup;
			children = (
				FE35555F2591E15800C91951 /* ZLPhotoBrowser.h */,
				FE3555602591E15800C91951 /* General */,
				FE3555782591E15800C91951 /* Classes */,
				FE35557F2591E15800C91951 /* Camera */,
				FE3555812591E15800C91951 /* Animation */,
				FE3555852591E15800C91951 /* Extensions */,
				FE35558F2591E15800C91951 /* Edit */,
			);
			path = ZLPhotoBrowser;
			sourceTree = "<group>";
		};
		FE3555602591E15800C91951 /* General */ = {
			isa = PBXGroup;
			children = (
				FE3555612591E15800C91951 /* ZLImagePreviewController.swift */,
				FE3555622591E15800C91951 /* ZLPhotoManager.swift */,
				FE3555632591E15800C91951 /* ZLPhotoModel.swift */,
				FE3555642591E15800C91951 /* ZLPhotoPreviewCell.swift */,
				FE3555652591E15800C91951 /* ZLProgressHUD.swift */,
				FE3555662591E15800C91951 /* ZLFetchImageOperation.swift */,
				FE3555672591E15800C91951 /* ZLAlbumListController.swift */,
				FE3555682591E15800C91951 /* ZLEmbedAlbumListView.swift */,
				FE3555692591E15800C91951 /* ZLLanguageDefine.swift */,
				FE35556A2591E15800C91951 /* ZLPhotoPreviewSheet.swift */,
				FE35556B2591E15800C91951 /* ZLAlbumListCell.swift */,
				FE35556C2591E15800C91951 /* ZLPhotoPreviewController.swift */,
				FE35556D2591E15800C91951 /* ZLImageNavController.swift */,
				FE35556E2591E15800C91951 /* ZLThumbnailViewController.swift */,
				FE35556F2591E15800C91951 /* ZLVideoManager.swift */,
				FE3555702591E15800C91951 /* ZLAddPhotoCell.swift */,
				FE3555712591E15800C91951 /* ZLGeneralDefine.swift */,
				FE3555722591E15800C91951 /* ZLThumbnailPhotoCell.swift */,
				FE3555732591E15800C91951 /* ZLProgressView.swift */,
				FE3555742591E15800C91951 /* ZLPhotoConfiguration.swift */,
				FE3555752591E15800C91951 /* ZLPhotoBrowser.swift */,
				FE3555762591E15800C91951 /* ZLAlbumListModel.swift */,
				FE3555772591E15800C91951 /* ZLCameraCell.swift */,
			);
			path = General;
			sourceTree = "<group>";
		};
		FE3555782591E15800C91951 /* Classes */ = {
			isa = PBXGroup;
			children = (
				FE3555792591E15800C91951 /* Logger */,
				FE35557A2591E15800C91951 /* Category */,
				FE35557B2591E15800C91951 /* Module */,
				FE35557C2591E15800C91951 /* Channel */,
				FE35557D2591E15800C91951 /* Navigator */,
				FE35557E2591E15800C91951 /* Registry */,
			);
			path = Classes;
			sourceTree = "<group>";
		};
		FE3555792591E15800C91951 /* Logger */ = {
			isa = PBXGroup;
			children = (
			);
			path = Logger;
			sourceTree = "<group>";
		};
		FE35557A2591E15800C91951 /* Category */ = {
			isa = PBXGroup;
			children = (
			);
			path = Category;
			sourceTree = "<group>";
		};
		FE35557B2591E15800C91951 /* Module */ = {
			isa = PBXGroup;
			children = (
			);
			path = Module;
			sourceTree = "<group>";
		};
		FE35557C2591E15800C91951 /* Channel */ = {
			isa = PBXGroup;
			children = (
			);
			path = Channel;
			sourceTree = "<group>";
		};
		FE35557D2591E15800C91951 /* Navigator */ = {
			isa = PBXGroup;
			children = (
			);
			path = Navigator;
			sourceTree = "<group>";
		};
		FE35557E2591E15800C91951 /* Registry */ = {
			isa = PBXGroup;
			children = (
			);
			path = Registry;
			sourceTree = "<group>";
		};
		FE35557F2591E15800C91951 /* Camera */ = {
			isa = PBXGroup;
			children = (
				FE3555802591E15800C91951 /* ZLCustomCamera.swift */,
			);
			path = Camera;
			sourceTree = "<group>";
		};
		FE3555812591E15800C91951 /* Animation */ = {
			isa = PBXGroup;
			children = (
				FE3555822591E15800C91951 /* ZLPhotoPreviewAnimatedTransition.swift */,
				FE3555832591E15800C91951 /* ZLClipImageDismissAnimatedTransition.swift */,
				FE3555842591E15800C91951 /* ZLPhotoPreviewPopInteractiveTransition.swift */,
			);
			path = Animation;
			sourceTree = "<group>";
		};
		FE3555852591E15800C91951 /* Extensions */ = {
			isa = PBXGroup;
			children = (
				FE3555862591E15800C91951 /* UIControl+ZLPhotoBrowser.swift */,
				FE3555872591E15800C91951 /* Bundle+ZLPhotoBrowser.swift */,
				FE3555882591E15800C91951 /* UIImage+ZLPhotoBrowser.swift */,
				FE3555892591E15800C91951 /* Int+ZLPhotoBrowser.swift */,
				FE35558A2591E15800C91951 /* String+ZLPhotoBrowser.swift */,
				FE35558B2591E15800C91951 /* Cell+ZLPhotoBrowser.swift */,
				FE35558C2591E15800C91951 /* Array+ZLPhotoBrowser.swift */,
				FE35558D2591E15800C91951 /* CGFloat+ZLPhotoBrowser.swift */,
				FE35558E2591E15800C91951 /* UIColor+ZLPhotoBrowser.swift */,
			);
			path = Extensions;
			sourceTree = "<group>";
		};
		FE35558F2591E15800C91951 /* Edit */ = {
			isa = PBXGroup;
			children = (
				FE3555902591E15800C91951 /* ZLInputTextViewController.swift */,
				FE3555912591E15800C91951 /* ZLClipImageViewController.swift */,
				FE3555922591E15800C91951 /* ZLImageStickerView.swift */,
				FE3555932591E15800C91951 /* ZLEditImageViewController.swift */,
				FE3555942591E15800C91951 /* ZLFilter.swift */,
				FE3555952591E15800C91951 /* ZLTextStickerView.swift */,
				FE3555962591E15800C91951 /* ZLEditVideoViewController.swift */,
			);
			path = Edit;
			sourceTree = "<group>";
		};
		FE3555972591E15800C91951 /* Resources */ = {
			isa = PBXGroup;
			children = (
				FE3555982591E15800C91951 /* ZLPhotoBrowser.bundle */,
			);
			path = Resources;
			sourceTree = "<group>";
		};
/* End PBXGroup section */

/* Begin PBXNativeTarget section */
		97C146ED1CF9000F007C117D /* Runner */ = {
			isa = PBXNativeTarget;
			buildConfigurationList = 97C147051CF9000F007C117D /* Build configuration list for PBXNativeTarget "Runner" */;
			buildPhases = (
				3EFD0569C4C63B56E037BE47 /* [CP] Check Pods Manifest.lock */,
				9740EEB61CF901F6004384FC /* Run Script */,
				97C146EA1CF9000F007C117D /* Sources */,
				97C146EB1CF9000F007C117D /* Frameworks */,
				97C146EC1CF9000F007C117D /* Resources */,
				9705A1C41CF9048500538489 /* Embed Frameworks */,
				3B06AD1E1E4923F5004D2608 /* Thin Binary */,
				1A08E55845A6E2CB3AA9746B /* [CP] Embed Pods Frameworks */,
			);
			buildRules = (
			);
			dependencies = (
			);
			name = Runner;
			productName = Runner;
			productReference = 97C146EE1CF9000F007C117D /* Runner.app */;
			productType = "com.apple.product-type.application";
		};
/* End PBXNativeTarget section */

/* Begin PBXProject section */
		97C146E61CF9000F007C117D /* Project object */ = {
			isa = PBXProject;
			attributes = {
				LastUpgradeCheck = 1020;
				ORGANIZATIONNAME = "";
				TargetAttributes = {
					97C146ED1CF9000F007C117D = {
						CreatedOnToolsVersion = 7.3.1;
						LastSwiftMigration = 1100;
					};
				};
			};
			buildConfigurationList = 97C146E91CF9000F007C117D /* Build configuration list for PBXProject "Runner" */;
			compatibilityVersion = "Xcode 9.3";
			developmentRegion = en;
			hasScannedForEncodings = 0;
			knownRegions = (
				en,
				Base,
			);
			mainGroup = 97C146E51CF9000F007C117D;
			productRefGroup = 97C146EF1CF9000F007C117D /* Products */;
			projectDirPath = "";
			projectRoot = "";
			targets = (
				97C146ED1CF9000F007C117D /* Runner */,
			);
		};
/* End PBXProject section */

/* Begin PBXResourcesBuildPhase section */
		97C146EC1CF9000F007C117D /* Resources */ = {
			isa = PBXResourcesBuildPhase;
			buildActionMask = 2147483647;
			files = (
				97C147011CF9000F007C117D /* LaunchScreen.storyboard in Resources */,
				3B3967161E833CAA004F5970 /* AppFrameworkInfo.plist in Resources */,
				97C146FE1CF9000F007C117D /* Assets.xcassets in Resources */,
				97C146FC1CF9000F007C117D /* Main.storyboard in Resources */,
				FE3555C42591E15800C91951 /* ZLPhotoBrowser.bundle in Resources */,
			);
			runOnlyForDeploymentPostprocessing = 0;
		};
/* End PBXResourcesBuildPhase section */

/* Begin PBXShellScriptBuildPhase section */
		1A08E55845A6E2CB3AA9746B /* [CP] Embed Pods Frameworks */ = {
			isa = PBXShellScriptBuildPhase;
			buildActionMask = 2147483647;
			files = (
			);
			inputFileListPaths = (
				"${PODS_ROOT}/Target Support Files/Pods-Runner/Pods-Runner-frameworks-${CONFIGURATION}-input-files.xcfilelist",
			);
			name = "[CP] Embed Pods Frameworks";
			outputFileListPaths = (
				"${PODS_ROOT}/Target Support Files/Pods-Runner/Pods-Runner-frameworks-${CONFIGURATION}-output-files.xcfilelist",
			);
			runOnlyForDeploymentPostprocessing = 0;
			shellPath = /bin/sh;
			shellScript = "\"${PODS_ROOT}/Target Support Files/Pods-Runner/Pods-Runner-frameworks.sh\"\n";
			showEnvVarsInLog = 0;
		};
		3B06AD1E1E4923F5004D2608 /* Thin Binary */ = {
			isa = PBXShellScriptBuildPhase;
			buildActionMask = 2147483647;
			files = (
			);
			inputPaths = (
			);
			name = "Thin Binary";
			outputPaths = (
			);
			runOnlyForDeploymentPostprocessing = 0;
			shellPath = /bin/sh;
			shellScript = "/bin/sh \"$FLUTTER_ROOT/packages/flutter_tools/bin/xcode_backend.sh\" embed_and_thin";
		};
		3EFD0569C4C63B56E037BE47 /* [CP] Check Pods Manifest.lock */ = {
			isa = PBXShellScriptBuildPhase;
			buildActionMask = 2147483647;
			files = (
			);
			inputFileListPaths = (
			);
			inputPaths = (
				"${PODS_PODFILE_DIR_PATH}/Podfile.lock",
				"${PODS_ROOT}/Manifest.lock",
			);
			name = "[CP] Check Pods Manifest.lock";
			outputFileListPaths = (
			);
			outputPaths = (
				"$(DERIVED_FILE_DIR)/Pods-Runner-checkManifestLockResult.txt",
			);
			runOnlyForDeploymentPostprocessing = 0;
			shellPath = /bin/sh;
			shellScript = "diff \"${PODS_PODFILE_DIR_PATH}/Podfile.lock\" \"${PODS_ROOT}/Manifest.lock\" > /dev/null\nif [ $? != 0 ] ; then\n    # print error to STDERR\n    echo \"error: The sandbox is not in sync with the Podfile.lock. Run 'pod install' or update your CocoaPods installation.\" >&2\n    exit 1\nfi\n# This output is used by Xcode 'outputs' to avoid re-running this script phase.\necho \"SUCCESS\" > \"${SCRIPT_OUTPUT_FILE_0}\"\n";
			showEnvVarsInLog = 0;
		};
		9740EEB61CF901F6004384FC /* Run Script */ = {
			isa = PBXShellScriptBuildPhase;
			buildActionMask = 2147483647;
			files = (
			);
			inputPaths = (
			);
			name = "Run Script";
			outputPaths = (
			);
			runOnlyForDeploymentPostprocessing = 0;
			shellPath = /bin/sh;
			shellScript = "/bin/sh \"$FLUTTER_ROOT/packages/flutter_tools/bin/xcode_backend.sh\" build";
		};
/* End PBXShellScriptBuildPhase section */

/* Begin PBXSourcesBuildPhase section */
		97C146EA1CF9000F007C117D /* Sources */ = {
			isa = PBXSourcesBuildPhase;
			buildActionMask = 2147483647;
			files = (
				FE3555AA2591E15800C91951 /* ZLThumbnailPhotoCell.swift in Sources */,
				FE3555992591E15800C91951 /* ZLImagePreviewController.swift in Sources */,
				74858FAF1ED2DC5600515810 /* AppDelegate.swift in Sources */,
				FE3555BA2591E15800C91951 /* Array+ZLPhotoBrowser.swift in Sources */,
				FE3555BB2591E15800C91951 /* CGFloat+ZLPhotoBrowser.swift in Sources */,
				FE3555A22591E15800C91951 /* ZLPhotoPreviewSheet.swift in Sources */,
				FE3555A72591E15800C91951 /* ZLVideoManager.swift in Sources */,
				FE3555AE2591E15800C91951 /* ZLAlbumListModel.swift in Sources */,
				FE3555B82591E15800C91951 /* String+ZLPhotoBrowser.swift in Sources */,
				FE3555A02591E15800C91951 /* ZLEmbedAlbumListView.swift in Sources */,
				FE3555B32591E15800C91951 /* ZLPhotoPreviewPopInteractiveTransition.swift in Sources */,
				FE35559D2591E15800C91951 /* ZLProgressHUD.swift in Sources */,
				FE3555A62591E15800C91951 /* ZLThumbnailViewController.swift in Sources */,
				FE3555B92591E15800C91951 /* Cell+ZLPhotoBrowser.swift in Sources */,
				FE35559F2591E15800C91951 /* ZLAlbumListController.swift in Sources */,
				FE3555B62591E15800C91951 /* UIImage+ZLPhotoBrowser.swift in Sources */,
				FE35559B2591E15800C91951 /* ZLPhotoModel.swift in Sources */,
				FE3555A52591E15800C91951 /* ZLImageNavController.swift in Sources */,
				FE3555C32591E15800C91951 /* ZLEditVideoViewController.swift in Sources */,
				FE3555AD2591E15800C91951 /* ZLPhotoBrowser.swift in Sources */,
				FE3555A12591E15800C91951 /* ZLLanguageDefine.swift in Sources */,
				FE3555B52591E15800C91951 /* Bundle+ZLPhotoBrowser.swift in Sources */,
				FE35559C2591E15800C91951 /* ZLPhotoPreviewCell.swift in Sources */,
				FE3555A82591E15800C91951 /* ZLAddPhotoCell.swift in Sources */,
				FE3555C22591E15800C91951 /* ZLTextStickerView.swift in Sources */,
				FE35559E2591E15800C91951 /* ZLFetchImageOperation.swift in Sources */,
				FE3555A42591E15800C91951 /* ZLPhotoPreviewController.swift in Sources */,
				FE3553D12591C33200C91951 /* MainModule.swift in Sources */,
				FE3555AB2591E15800C91951 /* ZLProgressView.swift in Sources */,
				FE3555B02591E15800C91951 /* ZLCustomCamera.swift in Sources */,
				FE3555BD2591E15800C91951 /* ZLInputTextViewController.swift in Sources */,
				FE3555B12591E15800C91951 /* ZLPhotoPreviewAnimatedTransition.swift in Sources */,
				FE35559A2591E15800C91951 /* ZLPhotoManager.swift in Sources */,
				FE3555BC2591E15800C91951 /* UIColor+ZLPhotoBrowser.swift in Sources */,
				FE3555C02591E15800C91951 /* ZLEditImageViewController.swift in Sources */,
				FE3555C12591E15800C91951 /* ZLFilter.swift in Sources */,
				1498D2341E8E89220040F4C2 /* GeneratedPluginRegistrant.m in Sources */,
				FE3555A32591E15800C91951 /* ZLAlbumListCell.swift in Sources */,
				FE3555BF2591E15800C91951 /* ZLImageStickerView.swift in Sources */,
				FE3555BE2591E15800C91951 /* ZLClipImageViewController.swift in Sources */,
				FE84017E2592F0ED0036F1F1 /* ImageFormat.swift in Sources */,
				FE3555B22591E15800C91951 /* ZLClipImageDismissAnimatedTransition.swift in Sources */,
				FE3555B72591E15800C91951 /* Int+ZLPhotoBrowser.swift in Sources */,
				FE3555B42591E15800C91951 /* UIControl+ZLPhotoBrowser.swift in Sources */,
				FE3555AC2591E15800C91951 /* ZLPhotoConfiguration.swift in Sources */,
				FE3555AF2591E15800C91951 /* ZLCameraCell.swift in Sources */,
				FE3555A92591E15800C91951 /* ZLGeneralDefine.swift in Sources */,
			);
			runOnlyForDeploymentPostprocessing = 0;
		};
/* End PBXSourcesBuildPhase section */

/* Begin PBXVariantGroup section */
		97C146FA1CF9000F007C117D /* Main.storyboard */ = {
			isa = PBXVariantGroup;
			children = (
				97C146FB1CF9000F007C117D /* Base */,
			);
			name = Main.storyboard;
			sourceTree = "<group>";
		};
		97C146FF1CF9000F007C117D /* LaunchScreen.storyboard */ = {
			isa = PBXVariantGroup;
			children = (
				97C147001CF9000F007C117D /* Base */,
			);
			name = LaunchScreen.storyboard;
			sourceTree = "<group>";
		};
/* End PBXVariantGroup section */

/* Begin XCBuildConfiguration section */
		249021D3217E4FDB00AE95B9 /* Profile */ = {
			isa = XCBuildConfiguration;
			buildSettings = {
				ALWAYS_SEARCH_USER_PATHS = NO;
				CLANG_ANALYZER_NONNULL = YES;
				CLANG_CXX_LANGUAGE_STANDARD = "gnu++0x";
				CLANG_CXX_LIBRARY = "libc++";
				CLANG_ENABLE_MODULES = YES;
				CLANG_ENABLE_OBJC_ARC = YES;
				CLANG_WARN_BLOCK_CAPTURE_AUTORELEASING = YES;
				CLANG_WARN_BOOL_CONVERSION = YES;
				CLANG_WARN_COMMA = YES;
				CLANG_WARN_CONSTANT_CONVERSION = YES;
				CLANG_WARN_DEPRECATED_OBJC_IMPLEMENTATIONS = YES;
				CLANG_WARN_DIRECT_OBJC_ISA_USAGE = YES_ERROR;
				CLANG_WARN_EMPTY_BODY = YES;
				CLANG_WARN_ENUM_CONVERSION = YES;
				CLANG_WARN_INFINITE_RECURSION = YES;
				CLANG_WARN_INT_CONVERSION = YES;
				CLANG_WARN_NON_LITERAL_NULL_CONVERSION = YES;
				CLANG_WARN_OBJC_IMPLICIT_RETAIN_SELF = YES;
				CLANG_WARN_OBJC_LITERAL_CONVERSION = YES;
				CLANG_WARN_OBJC_ROOT_CLASS = YES_ERROR;
				CLANG_WARN_RANGE_LOOP_ANALYSIS = YES;
				CLANG_WARN_STRICT_PROTOTYPES = YES;
				CLANG_WARN_SUSPICIOUS_MOVE = YES;
				CLANG_WARN_UNREACHABLE_CODE = YES;
				CLANG_WARN__DUPLICATE_METHOD_MATCH = YES;
				"CODE_SIGN_IDENTITY[sdk=iphoneos*]" = "iPhone Developer";
				COPY_PHASE_STRIP = NO;
				DEBUG_INFORMATION_FORMAT = "dwarf-with-dsym";
				ENABLE_NS_ASSERTIONS = NO;
				ENABLE_STRICT_OBJC_MSGSEND = YES;
				GCC_C_LANGUAGE_STANDARD = gnu99;
				GCC_NO_COMMON_BLOCKS = YES;
				GCC_WARN_64_TO_32_BIT_CONVERSION = YES;
				GCC_WARN_ABOUT_RETURN_TYPE = YES_ERROR;
				GCC_WARN_UNDECLARED_SELECTOR = YES;
				GCC_WARN_UNINITIALIZED_AUTOS = YES_AGGRESSIVE;
				GCC_WARN_UNUSED_FUNCTION = YES;
				GCC_WARN_UNUSED_VARIABLE = YES;
				IPHONEOS_DEPLOYMENT_TARGET = 9.0;
				MTL_ENABLE_DEBUG_INFO = NO;
				SDKROOT = iphoneos;
				SUPPORTED_PLATFORMS = iphoneos;
				TARGETED_DEVICE_FAMILY = "1,2";
				VALIDATE_PRODUCT = YES;
			};
			name = Profile;
		};
		249021D4217E4FDB00AE95B9 /* Profile */ = {
			isa = XCBuildConfiguration;
			baseConfigurationReference = 7AFA3C8E1D35360C0083082E /* Release.xcconfig */;
			buildSettings = {
				ASSETCATALOG_COMPILER_APPICON_NAME = AppIcon;
				CLANG_ENABLE_MODULES = YES;
				CURRENT_PROJECT_VERSION = "$(FLUTTER_BUILD_NUMBER)";
				DEVELOPMENT_TEAM = 6L62AGF62D;
				ENABLE_BITCODE = NO;
				FRAMEWORK_SEARCH_PATHS = (
					"$(inherited)",
					"$(PROJECT_DIR)/Flutter",
				);
				INFOPLIST_FILE = Runner/Info.plist;
				LD_RUNPATH_SEARCH_PATHS = (
					"$(inherited)",
					"@executable_path/Frameworks",
				);
				LIBRARY_SEARCH_PATHS = (
					"$(inherited)",
					"$(PROJECT_DIR)/Flutter",
				);
				PRODUCT_BUNDLE_IDENTIFIER = com.custom.cameraAlbumExample;
				PRODUCT_NAME = "$(TARGET_NAME)";
				SWIFT_OBJC_BRIDGING_HEADER = "Runner/Runner-Bridging-Header.h";
				SWIFT_VERSION = 5.0;
				VERSIONING_SYSTEM = "apple-generic";
			};
			name = Profile;
		};
		97C147031CF9000F007C117D /* Debug */ = {
			isa = XCBuildConfiguration;
			buildSettings = {
				ALWAYS_SEARCH_USER_PATHS = NO;
				CLANG_ANALYZER_NONNULL = YES;
				CLANG_CXX_LANGUAGE_STANDARD = "gnu++0x";
				CLANG_CXX_LIBRARY = "libc++";
				CLANG_ENABLE_MODULES = YES;
				CLANG_ENABLE_OBJC_ARC = YES;
				CLANG_WARN_BLOCK_CAPTURE_AUTORELEASING = YES;
				CLANG_WARN_BOOL_CONVERSION = YES;
				CLANG_WARN_COMMA = YES;
				CLANG_WARN_CONSTANT_CONVERSION = YES;
				CLANG_WARN_DEPRECATED_OBJC_IMPLEMENTATIONS = YES;
				CLANG_WARN_DIRECT_OBJC_ISA_USAGE = YES_ERROR;
				CLANG_WARN_EMPTY_BODY = YES;
				CLANG_WARN_ENUM_CONVERSION = YES;
				CLANG_WARN_INFINITE_RECURSION = YES;
				CLANG_WARN_INT_CONVERSION = YES;
				CLANG_WARN_NON_LITERAL_NULL_CONVERSION = YES;
				CLANG_WARN_OBJC_IMPLICIT_RETAIN_SELF = YES;
				CLANG_WARN_OBJC_LITERAL_CONVERSION = YES;
				CLANG_WARN_OBJC_ROOT_CLASS = YES_ERROR;
				CLANG_WARN_RANGE_LOOP_ANALYSIS = YES;
				CLANG_WARN_STRICT_PROTOTYPES = YES;
				CLANG_WARN_SUSPICIOUS_MOVE = YES;
				CLANG_WARN_UNREACHABLE_CODE = YES;
				CLANG_WARN__DUPLICATE_METHOD_MATCH = YES;
				"CODE_SIGN_IDENTITY[sdk=iphoneos*]" = "iPhone Developer";
				COPY_PHASE_STRIP = NO;
				DEBUG_INFORMATION_FORMAT = dwarf;
				ENABLE_STRICT_OBJC_MSGSEND = YES;
				ENABLE_TESTABILITY = YES;
				GCC_C_LANGUAGE_STANDARD = gnu99;
				GCC_DYNAMIC_NO_PIC = NO;
				GCC_NO_COMMON_BLOCKS = YES;
				GCC_OPTIMIZATION_LEVEL = 0;
				GCC_PREPROCESSOR_DEFINITIONS = (
					"DEBUG=1",
					"$(inherited)",
				);
				GCC_WARN_64_TO_32_BIT_CONVERSION = YES;
				GCC_WARN_ABOUT_RETURN_TYPE = YES_ERROR;
				GCC_WARN_UNDECLARED_SELECTOR = YES;
				GCC_WARN_UNINITIALIZED_AUTOS = YES_AGGRESSIVE;
				GCC_WARN_UNUSED_FUNCTION = YES;
				GCC_WARN_UNUSED_VARIABLE = YES;
				IPHONEOS_DEPLOYMENT_TARGET = 9.0;
				MTL_ENABLE_DEBUG_INFO = YES;
				ONLY_ACTIVE_ARCH = YES;
				SDKROOT = iphoneos;
				TARGETED_DEVICE_FAMILY = "1,2";
			};
			name = Debug;
		};
		97C147041CF9000F007C117D /* Release */ = {
			isa = XCBuildConfiguration;
			buildSettings = {
				ALWAYS_SEARCH_USER_PATHS = NO;
				CLANG_ANALYZER_NONNULL = YES;
				CLANG_CXX_LANGUAGE_STANDARD = "gnu++0x";
				CLANG_CXX_LIBRARY = "libc++";
				CLANG_ENABLE_MODULES = YES;
				CLANG_ENABLE_OBJC_ARC = YES;
				CLANG_WARN_BLOCK_CAPTURE_AUTORELEASING = YES;
				CLANG_WARN_BOOL_CONVERSION = YES;
				CLANG_WARN_COMMA = YES;
				CLANG_WARN_CONSTANT_CONVERSION = YES;
				CLANG_WARN_DEPRECATED_OBJC_IMPLEMENTATIONS = YES;
				CLANG_WARN_DIRECT_OBJC_ISA_USAGE = YES_ERROR;
				CLANG_WARN_EMPTY_BODY = YES;
				CLANG_WARN_ENUM_CONVERSION = YES;
				CLANG_WARN_INFINITE_RECURSION = YES;
				CLANG_WARN_INT_CONVERSION = YES;
				CLANG_WARN_NON_LITERAL_NULL_CONVERSION = YES;
				CLANG_WARN_OBJC_IMPLICIT_RETAIN_SELF = YES;
				CLANG_WARN_OBJC_LITERAL_CONVERSION = YES;
				CLANG_WARN_OBJC_ROOT_CLASS = YES_ERROR;
				CLANG_WARN_RANGE_LOOP_ANALYSIS = YES;
				CLANG_WARN_STRICT_PROTOTYPES = YES;
				CLANG_WARN_SUSPICIOUS_MOVE = YES;
				CLANG_WARN_UNREACHABLE_CODE = YES;
				CLANG_WARN__DUPLICATE_METHOD_MATCH = YES;
				"CODE_SIGN_IDENTITY[sdk=iphoneos*]" = "iPhone Developer";
				COPY_PHASE_STRIP = NO;
				DEBUG_INFORMATION_FORMAT = "dwarf-with-dsym";
				ENABLE_NS_ASSERTIONS = NO;
				ENABLE_STRICT_OBJC_MSGSEND = YES;
				GCC_C_LANGUAGE_STANDARD = gnu99;
				GCC_NO_COMMON_BLOCKS = YES;
				GCC_WARN_64_TO_32_BIT_CONVERSION = YES;
				GCC_WARN_ABOUT_RETURN_TYPE = YES_ERROR;
				GCC_WARN_UNDECLARED_SELECTOR = YES;
				GCC_WARN_UNINITIALIZED_AUTOS = YES_AGGRESSIVE;
				GCC_WARN_UNUSED_FUNCTION = YES;
				GCC_WARN_UNUSED_VARIABLE = YES;
				IPHONEOS_DEPLOYMENT_TARGET = 9.0;
				MTL_ENABLE_DEBUG_INFO = NO;
				SDKROOT = iphoneos;
				SUPPORTED_PLATFORMS = iphoneos;
				SWIFT_COMPILATION_MODE = wholemodule;
				SWIFT_OPTIMIZATION_LEVEL = "-O";
				TARGETED_DEVICE_FAMILY = "1,2";
				VALIDATE_PRODUCT = YES;
			};
			name = Release;
		};
		97C147061CF9000F007C117D /* Debug */ = {
			isa = XCBuildConfiguration;
			baseConfigurationReference = 9740EEB21CF90195004384FC /* Debug.xcconfig */;
			buildSettings = {
				ASSETCATALOG_COMPILER_APPICON_NAME = AppIcon;
				CLANG_ENABLE_MODULES = YES;
				CURRENT_PROJECT_VERSION = "$(FLUTTER_BUILD_NUMBER)";
				DEVELOPMENT_TEAM = 6L62AGF62D;
				ENABLE_BITCODE = NO;
				FRAMEWORK_SEARCH_PATHS = (
					"$(inherited)",
					"$(PROJECT_DIR)/Flutter",
				);
				INFOPLIST_FILE = Runner/Info.plist;
				LD_RUNPATH_SEARCH_PATHS = (
					"$(inherited)",
					"@executable_path/Frameworks",
				);
				LIBRARY_SEARCH_PATHS = (
					"$(inherited)",
					"$(PROJECT_DIR)/Flutter",
				);
				PRODUCT_BUNDLE_IDENTIFIER = com.custom.cameraAlbumExample;
				PRODUCT_NAME = "$(TARGET_NAME)";
				SWIFT_OBJC_BRIDGING_HEADER = "Runner/Runner-Bridging-Header.h";
				SWIFT_OPTIMIZATION_LEVEL = "-Onone";
				SWIFT_VERSION = 5.0;
				VERSIONING_SYSTEM = "apple-generic";
			};
			name = Debug;
		};
		97C147071CF9000F007C117D /* Release */ = {
			isa = XCBuildConfiguration;
			baseConfigurationReference = 7AFA3C8E1D35360C0083082E /* Release.xcconfig */;
			buildSettings = {
				ASSETCATALOG_COMPILER_APPICON_NAME = AppIcon;
				CLANG_ENABLE_MODULES = YES;
				CURRENT_PROJECT_VERSION = "$(FLUTTER_BUILD_NUMBER)";
				DEVELOPMENT_TEAM = 6L62AGF62D;
				ENABLE_BITCODE = NO;
				FRAMEWORK_SEARCH_PATHS = (
					"$(inherited)",
					"$(PROJECT_DIR)/Flutter",
				);
				INFOPLIST_FILE = Runner/Info.plist;
				LD_RUNPATH_SEARCH_PATHS = (
					"$(inherited)",
					"@executable_path/Frameworks",
				);
				LIBRARY_SEARCH_PATHS = (
					"$(inherited)",
					"$(PROJECT_DIR)/Flutter",
				);
				PRODUCT_BUNDLE_IDENTIFIER = com.custom.cameraAlbumExample;
				PRODUCT_NAME = "$(TARGET_NAME)";
				SWIFT_OBJC_BRIDGING_HEADER = "Runner/Runner-Bridging-Header.h";
				SWIFT_VERSION = 5.0;
				VERSIONING_SYSTEM = "apple-generic";
			};
			name = Release;
		};
/* End XCBuildConfiguration section */

/* Begin XCConfigurationList section */
		97C146E91CF9000F007C117D /* Build configuration list for PBXProject "Runner" */ = {
			isa = XCConfigurationList;
			buildConfigurations = (
				97C147031CF9000F007C117D /* Debug */,
				97C147041CF9000F007C117D /* Release */,
				249021D3217E4FDB00AE95B9 /* Profile */,
			);
			defaultConfigurationIsVisible = 0;
			defaultConfigurationName = Release;
		};
		97C147051CF9000F007C117D /* Build configuration list for PBXNativeTarget "Runner" */ = {
			isa = XCConfigurationList;
			buildConfigurations = (
				97C147061CF9000F007C117D /* Debug */,
				97C147071CF9000F007C117D /* Release */,
				249021D4217E4FDB00AE95B9 /* Profile */,
			);
			defaultConfigurationIsVisible = 0;
			defaultConfigurationName = Release;
		};
/* End XCConfigurationList section */
	};
	rootObject = 97C146E61CF9000F007C117D /* Project object */;
}
